
Microsoft Visual Studio Solution File, Format Version 12.00
# Visual Studio 15
VisualStudioVersion = 15.0.26730.8
MinimumVisualStudioVersion = 10.0.40219.1
Project("{FAE04EC0-301F-11D3-BF4B-00C04F79EFBC}") = "BillerIntegration", "BillerIntegration\BillerIntegration.csproj", "{13455E65-FB96-4452-AE5D-02B509DCCCAF}"
EndProject
Project("{FAE04EC0-301F-11D3-BF4B-00C04F79EFBC}") = "DataAccess", "DataAccess\DataAccess.csproj", "{A2D4302E-53AF-4F2E-8AAD-180A485DB182}"
EndProject
Global
	GlobalSection(SolutionConfigurationPlatforms) = preSolution
		Debug|Any CPU = Debug|Any CPU
		Release|Any CPU = Release|Any CPU
	EndGlobalSection
	GlobalSection(ProjectConfigurationPlatforms) = postSolution
		{13455E65-FB96-4452-AE5D-02B509DCCCAF}.Debug|Any CPU.ActiveCfg = Debug|Any CPU
		{13455E65-FB96-4452-AE5D-02B509DCCCAF}.Debug|Any CPU.Build.0 = Debug|Any CPU
		{13455E65-FB96-4452-AE5D-02B509DCCCAF}.Release|Any CPU.ActiveCfg = Release|Any CPU
		{13455E65-FB96-4452-AE5D-02B509DCCCAF}.Release|Any CPU.Build.0 = Release|Any CPU
		{A2D4302E-53AF-4F2E-8AAD-180A485DB182}.Debug|Any CPU.ActiveCfg = Debug|Any CPU
		{A2D4302E-53AF-4F2E-8AAD-180A485DB182}.Debug|Any CPU.Build.0 = Debug|Any CPU
		{A2D4302E-53AF-4F2E-8AAD-180A485DB182}.Release|Any CPU.ActiveCfg = Release|Any CPU
		{A2D4302E-53AF-4F2E-8AAD-180A485DB182}.Release|Any CPU.Build.0 = Release|Any CPU
	EndGlobalSection
	GlobalSection(SolutionProperties) = preSolution
		HideSolutionNode = FALSE
	EndGlobalSection
	GlobalSection(ExtensibilityGlobals) = postSolution
		SolutionGuid = {A2922D9B-6AED-4AC5-9472-51232944EF4B}
	EndGlobalSection
EndGlobal
